
Microsoft Visual Studio Solution File, Format Version 12.00
# Visual Studio Version 17
VisualStudioVersion = 17.4.33205.214
MinimumVisualStudioVersion = 10.0.40219.1
Project("{FAE04EC0-301F-11D3-BF4B-00C04F79EFBC}") = "Snakegame", "Snakegame\Snakegame.csproj", "{697EBEA4-98B9-4299-8DCE-D44F606290C6}"
EndProject
Global
	GlobalSection(SolutionConfigurationPlatforms) = preSolution
		Debug|Any CPU = Debug|Any CPU
		Release|Any CPU = Release|Any CPU
	EndGlobalSection
	GlobalSection(ProjectConfigurationPlatforms) = postSolution
		{697EBEA4-98B9-4299-8DCE-D44F606290C6}.Debug|Any CPU.ActiveCfg = Debug|Any CPU
		{697EBEA4-98B9-4299-8DCE-D44F606290C6}.Debug|Any CPU.Build.0 = Debug|Any CPU
		{697EBEA4-98B9-4299-8DCE-D44F606290C6}.Release|Any CPU.ActiveCfg = Release|Any CPU
		{697EBEA4-98B9-4299-8DCE-D44F606290C6}.Release|Any CPU.Build.0 = Release|Any CPU
	EndGlobalSection
	GlobalSection(SolutionProperties) = preSolution
		HideSolutionNode = FALSE
	EndGlobalSection
	GlobalSection(ExtensibilityGlobals) = postSolution
		SolutionGuid = {9DE732D5-EEA8-4B23-8CD8-8E56ED44AD1F}
	EndGlobalSection
EndGlobal
